
Microsoft Visual Studio Solution File, Format Version 11.00
# Visual Studio 2010
Project("{9344bdbb-3e7f-41fc-a0dd-8665d75ee146}") = "template", "template.mdproj", "{0B8E3EEF-00E3-4633-B2BD-3D55AFD8CC6F}"
EndProject
Global
	GlobalSection(SolutionConfigurationPlatforms) = preSolution
		Default|Any CPU = Default|Any CPU
	EndGlobalSection
	GlobalSection(ProjectConfigurationPlatforms) = postSolution
		{0B8E3EEF-00E3-4633-B2BD-3D55AFD8CC6F}.Default|Any CPU.ActiveCfg = Default|Any CPU
		{0B8E3EEF-00E3-4633-B2BD-3D55AFD8CC6F}.Default|Any CPU.Build.0 = Default|Any CPU
	EndGlobalSection
	GlobalSection(MonoDevelopProperties) = preSolution
		StartupItem = template.mdproj
		Policies = $0
		$0.StandardHeader = $1
		$1.Text = 
		$1.IncludeInNewFiles = True
		$0.VersionControlPolicy = $2
		$2.inheritsSet = Mono
		$0.ChangeLogPolicy = $3
		$3.UpdateMode = None
		$3.MessageStyle = $4
		$4.LineAlign = 0
		$3.inheritsSet = Mono
		outputpath = build
	EndGlobalSection
EndGlobal
