
Microsoft Visual Studio Solution File, Format Version 12.00
# Visual Studio 2012
Project("{B3296CA8-08AE-42E6-8D7C-A1C9304440FD}") = "dnu", "dnu\dnu.dylproj", "{D61ACAE6-7B4E-4234-B40E-0A185815133D}"
EndProject
Project("{B3296CA8-08AE-42E6-8D7C-A1C9304440FD}") = "dnr", "dnr\dnr.dylproj", "{2AE29F43-1588-407F-9F2E-EADE63A5D6C9}"
EndProject
Project("{B3296CA8-08AE-42E6-8D7C-A1C9304440FD}") = "tokenizer.AST", "tokenizer.AST\tokenizer.AST.dylproj", "{8D686B86-929F-4A1B-980A-DC2DEA04AAD9}"
EndProject
Project("{B3296CA8-08AE-42E6-8D7C-A1C9304440FD}") = "tokenizer.Lexer", "tokenizer.Lexer\tokenizer.Lexer.dylproj", "{5021F03A-944A-4F91-8F29-E7A4BC959052}"
EndProject
Project("{B3296CA8-08AE-42E6-8D7C-A1C9304440FD}") = "tokenizer.Parser", "tokenizer.Parser\tokenizer.Parser.dylproj", "{04067AB5-DF32-47A1-A62B-56CF12B70E46}"
EndProject
Project("{B3296CA8-08AE-42E6-8D7C-A1C9304440FD}") = "tokenizer.CodeGen", "tokenizer.CodeGen\tokenizer.CodeGen.dylproj", "{BD16CFAA-F03E-4D81-A8E7-7EF5E1C10E2C}"
EndProject
Project("{B3296CA8-08AE-42E6-8D7C-A1C9304440FD}") = "dnc", "dnc\dnc.dylproj", "{170F5550-D546-4C43-90EA-598D803E338A}"
EndProject
Project("{B3296CA8-08AE-42E6-8D7C-A1C9304440FD}") = "resproc", "resproc\resproc.dylproj", "{CA24B74F-5AC3-4B3C-AF83-90645EDB7B82}"
EndProject
Project("{B3296CA8-08AE-42E6-8D7C-A1C9304440FD}") = "Extra.Tasks", "Extra.Tasks\Extra.Tasks.dylproj", "{7847A604-AE14-4379-85BD-11FC218BF749}"
EndProject
Project("{B3296CA8-08AE-42E6-8D7C-A1C9304440FD}") = "template", "template\template.dylproj", "{6E5394CE-034A-4EB8-B7FC-A708E88D2D30}"
EndProject
Project("{B3296CA8-08AE-42E6-8D7C-A1C9304440FD}") = "units", "units\units.dylproj", "{0F9F2777-58A0-4F4E-9405-DCDD9C21FAD0}"
EndProject
Project("{B3296CA8-08AE-42E6-8D7C-A1C9304440FD}") = "test", "test\test.dylproj", "{E87123CC-913B-4750-B3EC-A2DC5761AD38}"
EndProject
Global
	GlobalSection(SolutionConfigurationPlatforms) = preSolution
		Debug|Any CPU = Debug|Any CPU
		Release|Any CPU = Release|Any CPU
		Testing|Any CPU = Testing|Any CPU
	EndGlobalSection
	GlobalSection(ProjectConfigurationPlatforms) = postSolution
		{04067AB5-DF32-47A1-A62B-56CF12B70E46}.Debug|Any CPU.ActiveCfg = Debug|Any CPU
		{04067AB5-DF32-47A1-A62B-56CF12B70E46}.Debug|Any CPU.Build.0 = Debug|Any CPU
		{04067AB5-DF32-47A1-A62B-56CF12B70E46}.Release|Any CPU.ActiveCfg = Release|Any CPU
		{04067AB5-DF32-47A1-A62B-56CF12B70E46}.Release|Any CPU.Build.0 = Release|Any CPU
		{04067AB5-DF32-47A1-A62B-56CF12B70E46}.Testing|Any CPU.ActiveCfg = Testing|Any CPU
		{0F9F2777-58A0-4F4E-9405-DCDD9C21FAD0}.Debug|Any CPU.ActiveCfg = Debug|Any CPU
		{0F9F2777-58A0-4F4E-9405-DCDD9C21FAD0}.Release|Any CPU.ActiveCfg = Release|Any CPU
		{0F9F2777-58A0-4F4E-9405-DCDD9C21FAD0}.Testing|Any CPU.ActiveCfg = Testing|Any CPU
		{0F9F2777-58A0-4F4E-9405-DCDD9C21FAD0}.Testing|Any CPU.Build.0 = Testing|Any CPU
		{170F5550-D546-4C43-90EA-598D803E338A}.Debug|Any CPU.ActiveCfg = Debug|Any CPU
		{170F5550-D546-4C43-90EA-598D803E338A}.Debug|Any CPU.Build.0 = Debug|Any CPU
		{170F5550-D546-4C43-90EA-598D803E338A}.Release|Any CPU.ActiveCfg = Release|Any CPU
		{170F5550-D546-4C43-90EA-598D803E338A}.Release|Any CPU.Build.0 = Release|Any CPU
		{170F5550-D546-4C43-90EA-598D803E338A}.Testing|Any CPU.ActiveCfg = Testing|Any CPU
		{2AE29F43-1588-407F-9F2E-EADE63A5D6C9}.Debug|Any CPU.ActiveCfg = Debug|Any CPU
		{2AE29F43-1588-407F-9F2E-EADE63A5D6C9}.Debug|Any CPU.Build.0 = Debug|Any CPU
		{2AE29F43-1588-407F-9F2E-EADE63A5D6C9}.Release|Any CPU.ActiveCfg = Release|Any CPU
		{2AE29F43-1588-407F-9F2E-EADE63A5D6C9}.Release|Any CPU.Build.0 = Release|Any CPU
		{2AE29F43-1588-407F-9F2E-EADE63A5D6C9}.Testing|Any CPU.ActiveCfg = Testing|Any CPU
		{5021F03A-944A-4F91-8F29-E7A4BC959052}.Debug|Any CPU.ActiveCfg = Debug|Any CPU
		{5021F03A-944A-4F91-8F29-E7A4BC959052}.Debug|Any CPU.Build.0 = Debug|Any CPU
		{5021F03A-944A-4F91-8F29-E7A4BC959052}.Release|Any CPU.ActiveCfg = Release|Any CPU
		{5021F03A-944A-4F91-8F29-E7A4BC959052}.Release|Any CPU.Build.0 = Release|Any CPU
		{5021F03A-944A-4F91-8F29-E7A4BC959052}.Testing|Any CPU.ActiveCfg = Testing|Any CPU
		{6E5394CE-034A-4EB8-B7FC-A708E88D2D30}.Debug|Any CPU.ActiveCfg = Debug|Any CPU
		{6E5394CE-034A-4EB8-B7FC-A708E88D2D30}.Debug|Any CPU.Build.0 = Debug|Any CPU
		{6E5394CE-034A-4EB8-B7FC-A708E88D2D30}.Release|Any CPU.ActiveCfg = Release|Any CPU
		{6E5394CE-034A-4EB8-B7FC-A708E88D2D30}.Release|Any CPU.Build.0 = Release|Any CPU
		{6E5394CE-034A-4EB8-B7FC-A708E88D2D30}.Testing|Any CPU.ActiveCfg = Testing|Any CPU
		{7847A604-AE14-4379-85BD-11FC218BF749}.Debug|Any CPU.ActiveCfg = Debug|Any CPU
		{7847A604-AE14-4379-85BD-11FC218BF749}.Debug|Any CPU.Build.0 = Debug|Any CPU
		{7847A604-AE14-4379-85BD-11FC218BF749}.Release|Any CPU.ActiveCfg = Release|Any CPU
		{7847A604-AE14-4379-85BD-11FC218BF749}.Release|Any CPU.Build.0 = Release|Any CPU
		{7847A604-AE14-4379-85BD-11FC218BF749}.Testing|Any CPU.ActiveCfg = Testing|Any CPU
		{8D686B86-929F-4A1B-980A-DC2DEA04AAD9}.Debug|Any CPU.ActiveCfg = Debug|Any CPU
		{8D686B86-929F-4A1B-980A-DC2DEA04AAD9}.Debug|Any CPU.Build.0 = Debug|Any CPU
		{8D686B86-929F-4A1B-980A-DC2DEA04AAD9}.Release|Any CPU.ActiveCfg = Release|Any CPU
		{8D686B86-929F-4A1B-980A-DC2DEA04AAD9}.Release|Any CPU.Build.0 = Release|Any CPU
		{8D686B86-929F-4A1B-980A-DC2DEA04AAD9}.Testing|Any CPU.ActiveCfg = Testing|Any CPU
		{BD16CFAA-F03E-4D81-A8E7-7EF5E1C10E2C}.Debug|Any CPU.ActiveCfg = Debug|Any CPU
		{BD16CFAA-F03E-4D81-A8E7-7EF5E1C10E2C}.Debug|Any CPU.Build.0 = Debug|Any CPU
		{BD16CFAA-F03E-4D81-A8E7-7EF5E1C10E2C}.Release|Any CPU.ActiveCfg = Release|Any CPU
		{BD16CFAA-F03E-4D81-A8E7-7EF5E1C10E2C}.Release|Any CPU.Build.0 = Release|Any CPU
		{BD16CFAA-F03E-4D81-A8E7-7EF5E1C10E2C}.Testing|Any CPU.ActiveCfg = Testing|Any CPU
		{CA24B74F-5AC3-4B3C-AF83-90645EDB7B82}.Debug|Any CPU.ActiveCfg = Debug|Any CPU
		{CA24B74F-5AC3-4B3C-AF83-90645EDB7B82}.Debug|Any CPU.Build.0 = Debug|Any CPU
		{CA24B74F-5AC3-4B3C-AF83-90645EDB7B82}.Release|Any CPU.ActiveCfg = Release|Any CPU
		{CA24B74F-5AC3-4B3C-AF83-90645EDB7B82}.Release|Any CPU.Build.0 = Release|Any CPU
		{CA24B74F-5AC3-4B3C-AF83-90645EDB7B82}.Testing|Any CPU.ActiveCfg = Testing|Any CPU
		{D61ACAE6-7B4E-4234-B40E-0A185815133D}.Debug|Any CPU.ActiveCfg = Debug|Any CPU
		{D61ACAE6-7B4E-4234-B40E-0A185815133D}.Debug|Any CPU.Build.0 = Debug|Any CPU
		{D61ACAE6-7B4E-4234-B40E-0A185815133D}.Release|Any CPU.ActiveCfg = Release|Any CPU
		{D61ACAE6-7B4E-4234-B40E-0A185815133D}.Release|Any CPU.Build.0 = Release|Any CPU
		{D61ACAE6-7B4E-4234-B40E-0A185815133D}.Testing|Any CPU.ActiveCfg = Testing|Any CPU
		{D61ACAE6-7B4E-4234-B40E-0A185815133D}.Testing|Any CPU.Build.0 = Testing|Any CPU
		{E87123CC-913B-4750-B3EC-A2DC5761AD38}.Debug|Any CPU.ActiveCfg = Debug|Any CPU
		{E87123CC-913B-4750-B3EC-A2DC5761AD38}.Debug|Any CPU.Build.0 = Debug|Any CPU
		{E87123CC-913B-4750-B3EC-A2DC5761AD38}.Release|Any CPU.ActiveCfg = Release|Any CPU
		{E87123CC-913B-4750-B3EC-A2DC5761AD38}.Testing|Any CPU.ActiveCfg = Testing|Any CPU
		{E87123CC-913B-4750-B3EC-A2DC5761AD38}.Testing|Any CPU.Build.0 = Testing|Any CPU
	EndGlobalSection
	GlobalSection(MonoDevelopProperties) = preSolution
		Policies = $0
		$0.StandardHeader = $1
		$1.Text = 
		$1.IncludeInNewFiles = True
		$0.VersionControlPolicy = $2
		$2.inheritsSet = Mono
		$0.ChangeLogPolicy = $3
		$3.UpdateMode = None
		$3.MessageStyle = $4
		$4.LineAlign = 0
		$3.inheritsSet = Mono
		$0.TextStylePolicy = $5
		$5.FileWidth = 120
		$5.TabsToSpaces = False
		$5.EolMarker = Unix
		$5.inheritsSet = VisualStudio
		$5.inheritsScope = text/plain
		$5.scope = text/plain
		$0.NameConventionPolicy = $6
		$6.Rules = $7
		$7.NamingRule = $8
		$8.Name = Namespaces
		$8.AffectedEntity = Namespace
		$8.VisibilityMask = VisibilityMask
		$8.NamingStyle = PascalCase
		$8.IncludeInstanceMembers = True
		$8.IncludeStaticEntities = True
		$7.NamingRule = $9
		$9.Name = Types
		$9.AffectedEntity = Class, Struct, Enum, Delegate
		$9.VisibilityMask = VisibilityMask
		$9.NamingStyle = PascalCase
		$9.IncludeInstanceMembers = True
		$9.IncludeStaticEntities = True
		$7.NamingRule = $10
		$10.Name = Interfaces
		$10.RequiredPrefixes = $11
		$11.String = I
		$10.AffectedEntity = Interface
		$10.VisibilityMask = VisibilityMask
		$10.NamingStyle = PascalCase
		$10.IncludeInstanceMembers = True
		$10.IncludeStaticEntities = True
		$7.NamingRule = $12
		$12.Name = Attributes
		$12.RequiredSuffixes = $13
		$13.String = Attribute
		$12.AffectedEntity = CustomAttributes
		$12.VisibilityMask = VisibilityMask
		$12.NamingStyle = PascalCase
		$12.IncludeInstanceMembers = True
		$12.IncludeStaticEntities = True
		$7.NamingRule = $14
		$14.Name = Event Arguments
		$14.RequiredSuffixes = $15
		$15.String = EventArgs
		$14.AffectedEntity = CustomEventArgs
		$14.VisibilityMask = VisibilityMask
		$14.NamingStyle = PascalCase
		$14.IncludeInstanceMembers = True
		$14.IncludeStaticEntities = True
		$7.NamingRule = $16
		$16.Name = Exceptions
		$16.RequiredSuffixes = $17
		$17.String = Exception
		$16.AffectedEntity = CustomExceptions
		$16.VisibilityMask = VisibilityMask
		$16.NamingStyle = PascalCase
		$16.IncludeInstanceMembers = True
		$16.IncludeStaticEntities = True
		$7.NamingRule = $18
		$18.Name = Methods
		$18.AffectedEntity = Methods
		$18.VisibilityMask = VisibilityMask
		$18.NamingStyle = PascalCase
		$18.IncludeInstanceMembers = True
		$18.IncludeStaticEntities = True
		$7.NamingRule = $19
		$19.Name = Static Readonly Fields
		$19.AffectedEntity = ReadonlyField
		$19.VisibilityMask = Internal, Protected, Public
		$19.NamingStyle = PascalCase
		$19.IncludeInstanceMembers = False
		$19.IncludeStaticEntities = True
		$7.NamingRule = $20
		$20.Name = Fields (Non Private)
		$20.AffectedEntity = Field
		$20.VisibilityMask = Internal, Protected, Public
		$20.NamingStyle = PascalCase
		$20.IncludeInstanceMembers = True
		$20.IncludeStaticEntities = True
		$7.NamingRule = $21
		$21.Name = ReadOnly Fields (Non Private)
		$21.AffectedEntity = ReadonlyField
		$21.VisibilityMask = Internal, Protected, Public
		$21.NamingStyle = PascalCase
		$21.IncludeInstanceMembers = True
		$21.IncludeStaticEntities = False
		$7.NamingRule = $22
		$22.Name = Fields (Private)
		$22.AllowedPrefixes = $23
		$23.String = _
		$23.String = m_
		$22.AffectedEntity = Field, ReadonlyField
		$22.VisibilityMask = Private
		$22.NamingStyle = CamelCase
		$22.IncludeInstanceMembers = True
		$22.IncludeStaticEntities = False
		$7.NamingRule = $24
		$24.Name = Static Fields (Private)
		$24.AffectedEntity = Field
		$24.VisibilityMask = Private
		$24.NamingStyle = CamelCase
		$24.IncludeInstanceMembers = False
		$24.IncludeStaticEntities = True
		$7.NamingRule = $25
		$25.Name = ReadOnly Fields (Private)
		$25.AllowedPrefixes = $26
		$26.String = _
		$26.String = m_
		$25.AffectedEntity = ReadonlyField
		$25.VisibilityMask = Private
		$25.NamingStyle = CamelCase
		$25.IncludeInstanceMembers = True
		$25.IncludeStaticEntities = False
		$7.NamingRule = $27
		$27.Name = Constant Fields
		$27.AffectedEntity = ConstantField
		$27.VisibilityMask = VisibilityMask
		$27.NamingStyle = PascalCase
		$27.IncludeInstanceMembers = True
		$27.IncludeStaticEntities = True
		$7.NamingRule = $28
		$28.Name = Properties
		$28.AffectedEntity = Property
		$28.VisibilityMask = VisibilityMask
		$28.NamingStyle = PascalCase
		$28.IncludeInstanceMembers = True
		$28.IncludeStaticEntities = True
		$7.NamingRule = $29
		$29.Name = Events
		$29.AffectedEntity = Event
		$29.VisibilityMask = VisibilityMask
		$29.NamingStyle = PascalCase
		$29.IncludeInstanceMembers = True
		$29.IncludeStaticEntities = True
		$7.NamingRule = $30
		$30.Name = Enum Members
		$30.AffectedEntity = EnumMember
		$30.VisibilityMask = VisibilityMask
		$30.NamingStyle = PascalCase
		$30.IncludeInstanceMembers = True
		$30.IncludeStaticEntities = True
		$7.NamingRule = $31
		$31.Name = Parameters
		$31.AffectedEntity = Parameter
		$31.VisibilityMask = VisibilityMask
		$31.NamingStyle = CamelCase
		$31.IncludeInstanceMembers = True
		$31.IncludeStaticEntities = True
		$7.NamingRule = $32
		$32.Name = Type Parameters
		$32.RequiredPrefixes = $33
		$33.String = T
		$32.AffectedEntity = TypeParameter
		$32.VisibilityMask = VisibilityMask
		$32.NamingStyle = PascalCase
		$32.IncludeInstanceMembers = True
		$32.IncludeStaticEntities = True
		$0.TextStylePolicy = $34
		$34.inheritsSet = null
		$34.scope = text/x-csrc
		$0.TextStylePolicy = $35
		$35.inheritsSet = null
		$35.scope = text/x-makefile
		$0.TextStylePolicy = $36
		$36.inheritsSet = null
		$36.scope = application/x-m4
		$0.DotNetNamingPolicy = $37
		$37.DirectoryNamespaceAssociation = None
		$37.ResourceNamePolicy = MSBuild
		version = 11.8.3.2
		outputpath = 2.0
	EndGlobalSection
EndGlobal
